// !$*UTF8*$!
{
	archiveVersion = 1;
	classes = {
	};
	objectVersion = 46;
	objects = {

/* Begin PBXBuildFile section */
		2029EA5C19B8223F00CF129B /* SignInRootViewController.swift in Sources */ = {isa = PBXBuildFile; fileRef = 2029EA5B19B8223F00CF129B /* SignInRootViewController.swift */; };
		2029EA5E19B822F400CF129B /* CreateAccountRootViewController.swift in Sources */ = {isa = PBXBuildFile; fileRef = 2029EA5D19B822F400CF129B /* CreateAccountRootViewController.swift */; };
		2029EA6019B8235C00CF129B /* CreateAccountViewController.swift in Sources */ = {isa = PBXBuildFile; fileRef = 2029EA5F19B8235C00CF129B /* CreateAccountViewController.swift */; };
		2029EA6219B823E800CF129B /* SignInViewController.swift in Sources */ = {isa = PBXBuildFile; fileRef = 2029EA6119B823E800CF129B /* SignInViewController.swift */; };
		20FFD64119B80B8100C42B9A /* AppDelegate.swift in Sources */ = {isa = PBXBuildFile; fileRef = 20FFD64019B80B8100C42B9A /* AppDelegate.swift */; };
		20FFD64319B80B8100C42B9A /* ViewController.swift in Sources */ = {isa = PBXBuildFile; fileRef = 20FFD64219B80B8100C42B9A /* ViewController.swift */; };
		20FFD64619B80B8100C42B9A /* Main.storyboard in Resources */ = {isa = PBXBuildFile; fileRef = 20FFD64419B80B8100C42B9A /* Main.storyboard */; };
		20FFD64819B80B8100C42B9A /* Images.xcassets in Resources */ = {isa = PBXBuildFile; fileRef = 20FFD64719B80B8100C42B9A /* Images.xcassets */; };
		20FFD65419B80B8100C42B9A /* ios8_dropboxTests.swift in Sources */ = {isa = PBXBuildFile; fileRef = 20FFD65319B80B8100C42B9A /* ios8_dropboxTests.swift */; };
		B07028D919DB4402BE054D02 /* libPods.a in Frameworks */ = {isa = PBXBuildFile; fileRef = 3CC374B7D31E45C98C113723 /* libPods.a */; };
/* End PBXBuildFile section */

/* Begin PBXContainerItemProxy section */
		20FFD64E19B80B8100C42B9A /* PBXContainerItemProxy */ = {
			isa = PBXContainerItemProxy;
			containerPortal = 20FFD63319B80B8100C42B9A /* Project object */;
			proxyType = 1;
			remoteGlobalIDString = 20FFD63A19B80B8100C42B9A;
			remoteInfo = ios8_dropbox;
		};
/* End PBXContainerItemProxy section */

/* Begin PBXFileReference section */
		2029EA5B19B8223F00CF129B /* SignInRootViewController.swift */ = {isa = PBXFileReference; fileEncoding = 4; lastKnownFileType = sourcecode.swift; path = SignInRootViewController.swift; sourceTree = "<group>"; };
		2029EA5D19B822F400CF129B /* CreateAccountRootViewController.swift */ = {isa = PBXFileReference; fileEncoding = 4; lastKnownFileType = sourcecode.swift; path = CreateAccountRootViewController.swift; sourceTree = "<group>"; };
		2029EA5F19B8235C00CF129B /* CreateAccountViewController.swift */ = {isa = PBXFileReference; fileEncoding = 4; lastKnownFileType = sourcecode.swift; path = CreateAccountViewController.swift; sourceTree = "<group>"; };
		2029EA6119B823E800CF129B /* SignInViewController.swift */ = {isa = PBXFileReference; fileEncoding = 4; lastKnownFileType = sourcecode.swift; path = SignInViewController.swift; sourceTree = "<group>"; };
		20FFD63B19B80B8100C42B9A /* ios8_dropbox.app */ = {isa = PBXFileReference; explicitFileType = wrapper.application; includeInIndex = 0; path = ios8_dropbox.app; sourceTree = BUILT_PRODUCTS_DIR; };
		20FFD63F19B80B8100C42B9A /* Info.plist */ = {isa = PBXFileReference; lastKnownFileType = text.plist.xml; path = Info.plist; sourceTree = "<group>"; };
		20FFD64019B80B8100C42B9A /* AppDelegate.swift */ = {isa = PBXFileReference; lastKnownFileType = sourcecode.swift; path = AppDelegate.swift; sourceTree = "<group>"; };
		20FFD64219B80B8100C42B9A /* ViewController.swift */ = {isa = PBXFileReference; lastKnownFileType = sourcecode.swift; path = ViewController.swift; sourceTree = "<group>"; };
		20FFD64519B80B8100C42B9A /* Base */ = {isa = PBXFileReference; lastKnownFileType = file.storyboard; name = Base; path = Base.lproj/Main.storyboard; sourceTree = "<group>"; };
		20FFD64719B80B8100C42B9A /* Images.xcassets */ = {isa = PBXFileReference; lastKnownFileType = folder.assetcatalog; path = Images.xcassets; sourceTree = "<group>"; };
		20FFD64D19B80B8100C42B9A /* ios8_dropboxTests.xctest */ = {isa = PBXFileReference; explicitFileType = wrapper.cfbundle; includeInIndex = 0; path = ios8_dropboxTests.xctest; sourceTree = BUILT_PRODUCTS_DIR; };
		20FFD65219B80B8100C42B9A /* Info.plist */ = {isa = PBXFileReference; lastKnownFileType = text.plist.xml; path = Info.plist; sourceTree = "<group>"; };
		20FFD65319B80B8100C42B9A /* ios8_dropboxTests.swift */ = {isa = PBXFileReference; lastKnownFileType = sourcecode.swift; path = ios8_dropboxTests.swift; sourceTree = "<group>"; };
		3CC374B7D31E45C98C113723 /* libPods.a */ = {isa = PBXFileReference; explicitFileType = archive.ar; includeInIndex = 0; path = libPods.a; sourceTree = BUILT_PRODUCTS_DIR; };
		96D53BF7526D44958C3ADF8D /* Pods.xcconfig */ = {isa = PBXFileReference; includeInIndex = 1; lastKnownFileType = text.xcconfig; name = Pods.xcconfig; path = Pods/Pods.xcconfig; sourceTree = "<group>"; };
/* End PBXFileReference section */

/* Begin PBXFrameworksBuildPhase section */
		20FFD63819B80B8100C42B9A /* Frameworks */ = {
			isa = PBXFrameworksBuildPhase;
			buildActionMask = 2147483647;
			files = (
				B07028D919DB4402BE054D02 /* libPods.a in Frameworks */,
			);
			runOnlyForDeploymentPostprocessing = 0;
		};
		20FFD64A19B80B8100C42B9A /* Frameworks */ = {
			isa = PBXFrameworksBuildPhase;
			buildActionMask = 2147483647;
			files = (
			);
			runOnlyForDeploymentPostprocessing = 0;
		};
/* End PBXFrameworksBuildPhase section */

/* Begin PBXGroup section */
		2029EA5419B81DF200CF129B /* Controllers */ = {
			isa = PBXGroup;
			children = (
				2029EA5719B81EFE00CF129B /* Sign out */,
				2029EA5619B81E1500CF129B /* Sign In */,
				2029EA5A19B821E400CF129B /* Sign In Root */,
				2029EA5519B81E0200CF129B /* Create Account */,
				2029EA5919B821CF00CF129B /* Create Account Root */,
			);
			name = Controllers;
			sourceTree = "<group>";
		};
		2029EA5519B81E0200CF129B /* Create Account */ = {
			isa = PBXGroup;
			children = (
				2029EA5F19B8235C00CF129B /* CreateAccountViewController.swift */,
			);
			name = "Create Account";
			sourceTree = "<group>";
		};
		2029EA5619B81E1500CF129B /* Sign In */ = {
			isa = PBXGroup;
			children = (
				2029EA6119B823E800CF129B /* SignInViewController.swift */,
			);
			name = "Sign In";
			sourceTree = "<group>";
		};
		2029EA5719B81EFE00CF129B /* Sign out */ = {
			isa = PBXGroup;
			children = (
			);
			name = "Sign out";
			sourceTree = "<group>";
		};
		2029EA5919B821CF00CF129B /* Create Account Root */ = {
			isa = PBXGroup;
			children = (
				2029EA5D19B822F400CF129B /* CreateAccountRootViewController.swift */,
			);
			name = "Create Account Root";
			sourceTree = "<group>";
		};
		2029EA5A19B821E400CF129B /* Sign In Root */ = {
			isa = PBXGroup;
			children = (
				2029EA5B19B8223F00CF129B /* SignInRootViewController.swift */,
			);
			name = "Sign In Root";
			sourceTree = "<group>";
		};
		20FFD63219B80B8100C42B9A = {
			isa = PBXGroup;
			children = (
				20FFD63D19B80B8100C42B9A /* ios8_dropbox */,
				20FFD65019B80B8100C42B9A /* ios8_dropboxTests */,
				20FFD63C19B80B8100C42B9A /* Products */,
				96D53BF7526D44958C3ADF8D /* Pods.xcconfig */,
				9BB9221D55394BCA9EA0CB9E /* Frameworks */,
			);
			sourceTree = "<group>";
		};
		20FFD63C19B80B8100C42B9A /* Products */ = {
			isa = PBXGroup;
			children = (
				20FFD63B19B80B8100C42B9A /* ios8_dropbox.app */,
				20FFD64D19B80B8100C42B9A /* ios8_dropboxTests.xctest */,
			);
			name = Products;
			sourceTree = "<group>";
		};
		20FFD63D19B80B8100C42B9A /* ios8_dropbox */ = {
			isa = PBXGroup;
			children = (
				2029EA5419B81DF200CF129B /* Controllers */,
				20FFD64019B80B8100C42B9A /* AppDelegate.swift */,
				20FFD64219B80B8100C42B9A /* ViewController.swift */,
				20FFD64419B80B8100C42B9A /* Main.storyboard */,
				20FFD64719B80B8100C42B9A /* Images.xcassets */,
				20FFD63E19B80B8100C42B9A /* Supporting Files */,
			);
			path = ios8_dropbox;
			sourceTree = "<group>";
		};
		20FFD63E19B80B8100C42B9A /* Supporting Files */ = {
			isa = PBXGroup;
			children = (
				20FFD63F19B80B8100C42B9A /* Info.plist */,
			);
			name = "Supporting Files";
			sourceTree = "<group>";
		};
		20FFD65019B80B8100C42B9A /* ios8_dropboxTests */ = {
			isa = PBXGroup;
			children = (
				20FFD65319B80B8100C42B9A /* ios8_dropboxTests.swift */,
				20FFD65119B80B8100C42B9A /* Supporting Files */,
			);
			path = ios8_dropboxTests;
			sourceTree = "<group>";
		};
		20FFD65119B80B8100C42B9A /* Supporting Files */ = {
			isa = PBXGroup;
			children = (
				20FFD65219B80B8100C42B9A /* Info.plist */,
			);
			name = "Supporting Files";
			sourceTree = "<group>";
		};
		9BB9221D55394BCA9EA0CB9E /* Frameworks */ = {
			isa = PBXGroup;
			children = (
				3CC374B7D31E45C98C113723 /* libPods.a */,
			);
			name = Frameworks;
			sourceTree = "<group>";
		};
/* End PBXGroup section */

/* Begin PBXNativeTarget section */
		20FFD63A19B80B8100C42B9A /* ios8_dropbox */ = {
			isa = PBXNativeTarget;
			buildConfigurationList = 20FFD65719B80B8100C42B9A /* Build configuration list for PBXNativeTarget "ios8_dropbox" */;
			buildPhases = (
				B13E549EB978467887A99C77 /* Check Pods Manifest.lock */,
				20FFD63719B80B8100C42B9A /* Sources */,
				20FFD63819B80B8100C42B9A /* Frameworks */,
				20FFD63919B80B8100C42B9A /* Resources */,
				6DA4C82695024EE5AAEC860B /* Copy Pods Resources */,
			);
			buildRules = (
			);
			dependencies = (
			);
			name = ios8_dropbox;
			productName = ios8_dropbox;
			productReference = 20FFD63B19B80B8100C42B9A /* ios8_dropbox.app */;
			productType = "com.apple.product-type.application";
		};
		20FFD64C19B80B8100C42B9A /* ios8_dropboxTests */ = {
			isa = PBXNativeTarget;
			buildConfigurationList = 20FFD65A19B80B8100C42B9A /* Build configuration list for PBXNativeTarget "ios8_dropboxTests" */;
			buildPhases = (
				20FFD64919B80B8100C42B9A /* Sources */,
				20FFD64A19B80B8100C42B9A /* Frameworks */,
				20FFD64B19B80B8100C42B9A /* Resources */,
			);
			buildRules = (
			);
			dependencies = (
				20FFD64F19B80B8100C42B9A /* PBXTargetDependency */,
			);
			name = ios8_dropboxTests;
			productName = ios8_dropboxTests;
			productReference = 20FFD64D19B80B8100C42B9A /* ios8_dropboxTests.xctest */;
			productType = "com.apple.product-type.bundle.unit-test";
		};
/* End PBXNativeTarget section */

/* Begin PBXProject section */
		20FFD63319B80B8100C42B9A /* Project object */ = {
			isa = PBXProject;
			attributes = {
				LastUpgradeCheck = 0600;
				ORGANIZATIONNAME = "Stanley Ng";
				TargetAttributes = {
					20FFD63A19B80B8100C42B9A = {
						CreatedOnToolsVersion = 6.0;
					};
					20FFD64C19B80B8100C42B9A = {
						CreatedOnToolsVersion = 6.0;
						TestTargetID = 20FFD63A19B80B8100C42B9A;
					};
				};
			};
			buildConfigurationList = 20FFD63619B80B8100C42B9A /* Build configuration list for PBXProject "ios8_dropbox" */;
			compatibilityVersion = "Xcode 3.2";
			developmentRegion = English;
			hasScannedForEncodings = 0;
			knownRegions = (
				en,
				Base,
			);
			mainGroup = 20FFD63219B80B8100C42B9A;
			productRefGroup = 20FFD63C19B80B8100C42B9A /* Products */;
			projectDirPath = "";
			projectRoot = "";
			targets = (
				20FFD63A19B80B8100C42B9A /* ios8_dropbox */,
				20FFD64C19B80B8100C42B9A /* ios8_dropboxTests */,
			);
		};
/* End PBXProject section */

/* Begin PBXResourcesBuildPhase section */
		20FFD63919B80B8100C42B9A /* Resources */ = {
			isa = PBXResourcesBuildPhase;
			buildActionMask = 2147483647;
			files = (
				20FFD64619B80B8100C42B9A /* Main.storyboard in Resources */,
				20FFD64819B80B8100C42B9A /* Images.xcassets in Resources */,
			);
			runOnlyForDeploymentPostprocessing = 0;
		};
		20FFD64B19B80B8100C42B9A /* Resources */ = {
			isa = PBXResourcesBuildPhase;
			buildActionMask = 2147483647;
			files = (
			);
			runOnlyForDeploymentPostprocessing = 0;
		};
/* End PBXResourcesBuildPhase section */

/* Begin PBXShellScriptBuildPhase section */
		6DA4C82695024EE5AAEC860B /* Copy Pods Resources */ = {
			isa = PBXShellScriptBuildPhase;
			buildActionMask = 2147483647;
			files = (
			);
			inputPaths = (
			);
			name = "Copy Pods Resources";
			outputPaths = (
			);
			runOnlyForDeploymentPostprocessing = 0;
			shellPath = /bin/sh;
			shellScript = "\"${SRCROOT}/Pods/Pods-resources.sh\"\n";
			showEnvVarsInLog = 0;
		};
		B13E549EB978467887A99C77 /* Check Pods Manifest.lock */ = {
			isa = PBXShellScriptBuildPhase;
			buildActionMask = 2147483647;
			files = (
			);
			inputPaths = (
			);
			name = "Check Pods Manifest.lock";
			outputPaths = (
			);
			runOnlyForDeploymentPostprocessing = 0;
			shellPath = /bin/sh;
			shellScript = "diff \"${PODS_ROOT}/../Podfile.lock\" \"${PODS_ROOT}/Manifest.lock\" > /dev/null\nif [[ $? != 0 ]] ; then\n    cat << EOM\nerror: The sandbox is not in sync with the Podfile.lock. Run 'pod install' or update your CocoaPods installation.\nEOM\n    exit 1\nfi\n";
			showEnvVarsInLog = 0;
		};
/* End PBXShellScriptBuildPhase section */

/* Begin PBXSourcesBuildPhase section */
		20FFD63719B80B8100C42B9A /* Sources */ = {
			isa = PBXSourcesBuildPhase;
			buildActionMask = 2147483647;
			files = (
				2029EA6019B8235C00CF129B /* CreateAccountViewController.swift in Sources */,
				2029EA5E19B822F400CF129B /* CreateAccountRootViewController.swift in Sources */,
				2029EA6219B823E800CF129B /* SignInViewController.swift in Sources */,
				20FFD64319B80B8100C42B9A /* ViewController.swift in Sources */,
				20FFD64119B80B8100C42B9A /* AppDelegate.swift in Sources */,
				2029EA5C19B8223F00CF129B /* SignInRootViewController.swift in Sources */,
			);
			runOnlyForDeploymentPostprocessing = 0;
		};
		20FFD64919B80B8100C42B9A /* Sources */ = {
			isa = PBXSourcesBuildPhase;
			buildActionMask = 2147483647;
			files = (
				20FFD65419B80B8100C42B9A /* ios8_dropboxTests.swift in Sources */,
			);
			runOnlyForDeploymentPostprocessing = 0;
		};
/* End PBXSourcesBuildPhase section */

/* Begin PBXTargetDependency section */
		20FFD64F19B80B8100C42B9A /* PBXTargetDependency */ = {
			isa = PBXTargetDependency;
			target = 20FFD63A19B80B8100C42B9A /* ios8_dropbox */;
			targetProxy = 20FFD64E19B80B8100C42B9A /* PBXContainerItemProxy */;
		};
/* End PBXTargetDependency section */

/* Begin PBXVariantGroup section */
		20FFD64419B80B8100C42B9A /* Main.storyboard */ = {
			isa = PBXVariantGroup;
			children = (
				20FFD64519B80B8100C42B9A /* Base */,
			);
			name = Main.storyboard;
			sourceTree = "<group>";
		};
/* End PBXVariantGroup section */

/* Begin XCBuildConfiguration section */
		20FFD65519B80B8100C42B9A /* Debug */ = {
			isa = XCBuildConfiguration;
			buildSettings = {
				ALWAYS_SEARCH_USER_PATHS = NO;
				CLANG_CXX_LANGUAGE_STANDARD = "gnu++0x";
				CLANG_CXX_LIBRARY = "libc++";
				CLANG_ENABLE_MODULES = YES;
				CLANG_ENABLE_OBJC_ARC = YES;
				CLANG_WARN_BOOL_CONVERSION = YES;
				CLANG_WARN_CONSTANT_CONVERSION = YES;
				CLANG_WARN_DIRECT_OBJC_ISA_USAGE = YES_ERROR;
				CLANG_WARN_EMPTY_BODY = YES;
				CLANG_WARN_ENUM_CONVERSION = YES;
				CLANG_WARN_INT_CONVERSION = YES;
				CLANG_WARN_OBJC_ROOT_CLASS = YES_ERROR;
				CLANG_WARN_UNREACHABLE_CODE = YES;
				CLANG_WARN__DUPLICATE_METHOD_MATCH = YES;
				"CODE_SIGN_IDENTITY[sdk=iphoneos*]" = "iPhone Developer";
				COPY_PHASE_STRIP = NO;
				ENABLE_STRICT_OBJC_MSGSEND = YES;
				GCC_C_LANGUAGE_STANDARD = gnu99;
				GCC_DYNAMIC_NO_PIC = NO;
				GCC_OPTIMIZATION_LEVEL = 0;
				GCC_PREPROCESSOR_DEFINITIONS = (
					"DEBUG=1",
					"$(inherited)",
				);
				GCC_SYMBOLS_PRIVATE_EXTERN = NO;
				GCC_WARN_64_TO_32_BIT_CONVERSION = YES;
				GCC_WARN_ABOUT_RETURN_TYPE = YES_ERROR;
				GCC_WARN_UNDECLARED_SELECTOR = YES;
				GCC_WARN_UNINITIALIZED_AUTOS = YES_AGGRESSIVE;
				GCC_WARN_UNUSED_FUNCTION = YES;
				GCC_WARN_UNUSED_VARIABLE = YES;
				IPHONEOS_DEPLOYMENT_TARGET = 8.0;
				MTL_ENABLE_DEBUG_INFO = YES;
				ONLY_ACTIVE_ARCH = YES;
				SDKROOT = iphoneos;
				SWIFT_OPTIMIZATION_LEVEL = "-Onone";
			};
			name = Debug;
		};
		20FFD65619B80B8100C42B9A /* Release */ = {
			isa = XCBuildConfiguration;
			buildSettings = {
				ALWAYS_SEARCH_USER_PATHS = NO;
				CLANG_CXX_LANGUAGE_STANDARD = "gnu++0x";
				CLANG_CXX_LIBRARY = "libc++";
				CLANG_ENABLE_MODULES = YES;
				CLANG_ENABLE_OBJC_ARC = YES;
				CLANG_WARN_BOOL_CONVERSION = YES;
				CLANG_WARN_CONSTANT_CONVERSION = YES;
				CLANG_WARN_DIRECT_OBJC_ISA_USAGE = YES_ERROR;
				CLANG_WARN_EMPTY_BODY = YES;
				CLANG_WARN_ENUM_CONVERSION = YES;
				CLANG_WARN_INT_CONVERSION = YES;
				CLANG_WARN_OBJC_ROOT_CLASS = YES_ERROR;
				CLANG_WARN_UNREACHABLE_CODE = YES;
				CLANG_WARN__DUPLICATE_METHOD_MATCH = YES;
				"CODE_SIGN_IDENTITY[sdk=iphoneos*]" = "iPhone Developer";
				COPY_PHASE_STRIP = YES;
				ENABLE_NS_ASSERTIONS = NO;
				ENABLE_STRICT_OBJC_MSGSEND = YES;
				GCC_C_LANGUAGE_STANDARD = gnu99;
				GCC_WARN_64_TO_32_BIT_CONVERSION = YES;
				GCC_WARN_ABOUT_RETURN_TYPE = YES_ERROR;
				GCC_WARN_UNDECLARED_SELECTOR = YES;
				GCC_WARN_UNINITIALIZED_AUTOS = YES_AGGRESSIVE;
				GCC_WARN_UNUSED_FUNCTION = YES;
				GCC_WARN_UNUSED_VARIABLE = YES;
				IPHONEOS_DEPLOYMENT_TARGET = 8.0;
				MTL_ENABLE_DEBUG_INFO = NO;
				SDKROOT = iphoneos;
				VALIDATE_PRODUCT = YES;
			};
			name = Release;
		};
		20FFD65819B80B8100C42B9A /* Debug */ = {
			isa = XCBuildConfiguration;
			baseConfigurationReference = 96D53BF7526D44958C3ADF8D /* Pods.xcconfig */;
			buildSettings = {
				ASSETCATALOG_COMPILER_APPICON_NAME = AppIcon;
				ASSETCATALOG_COMPILER_LAUNCHIMAGE_NAME = LaunchImage;
				INFOPLIST_FILE = ios8_dropbox/Info.plist;
				LD_RUNPATH_SEARCH_PATHS = "$(inherited) @executable_path/Frameworks";
				PRODUCT_NAME = "$(TARGET_NAME)";
			};
			name = Debug;
		};
		20FFD65919B80B8100C42B9A /* Release */ = {
			isa = XCBuildConfiguration;
			baseConfigurationReference = 96D53BF7526D44958C3ADF8D /* Pods.xcconfig */;
			buildSettings = {
				ASSETCATALOG_COMPILER_APPICON_NAME = AppIcon;
				ASSETCATALOG_COMPILER_LAUNCHIMAGE_NAME = LaunchImage;
				INFOPLIST_FILE = ios8_dropbox/Info.plist;
				LD_RUNPATH_SEARCH_PATHS = "$(inherited) @executable_path/Frameworks";
				PRODUCT_NAME = "$(TARGET_NAME)";
			};
			name = Release;
		};
		20FFD65B19B80B8100C42B9A /* Debug */ = {
			isa = XCBuildConfiguration;
			buildSettings = {
				BUNDLE_LOADER = "$(TEST_HOST)";
				FRAMEWORK_SEARCH_PATHS = (
					"$(SDKROOT)/Developer/Library/Frameworks",
					"$(inherited)",
				);
				GCC_PREPROCESSOR_DEFINITIONS = (
					"DEBUG=1",
					"$(inherited)",
				);
				INFOPLIST_FILE = ios8_dropboxTests/Info.plist;
				LD_RUNPATH_SEARCH_PATHS = "$(inherited) @executable_path/Frameworks @loader_path/Frameworks";
				PRODUCT_NAME = "$(TARGET_NAME)";
				TEST_HOST = "$(BUILT_PRODUCTS_DIR)/ios8_dropbox.app/ios8_dropbox";
			};
			name = Debug;
		};
		20FFD65C19B80B8100C42B9A /* Release */ = {
			isa = XCBuildConfiguration;
			buildSettings = {
				BUNDLE_LOADER = "$(TEST_HOST)";
				FRAMEWORK_SEARCH_PATHS = (
					"$(SDKROOT)/Developer/Library/Frameworks",
					"$(inherited)",
				);
				INFOPLIST_FILE = ios8_dropboxTests/Info.plist;
				LD_RUNPATH_SEARCH_PATHS = "$(inherited) @executable_path/Frameworks @loader_path/Frameworks";
				PRODUCT_NAME = "$(TARGET_NAME)";
				TEST_HOST = "$(BUILT_PRODUCTS_DIR)/ios8_dropbox.app/ios8_dropbox";
			};
			name = Release;
		};
/* End XCBuildConfiguration section */

/* Begin XCConfigurationList section */
		20FFD63619B80B8100C42B9A /* Build configuration list for PBXProject "ios8_dropbox" */ = {
			isa = XCConfigurationList;
			buildConfigurations = (
				20FFD65519B80B8100C42B9A /* Debug */,
				20FFD65619B80B8100C42B9A /* Release */,
			);
			defaultConfigurationIsVisible = 0;
			defaultConfigurationName = Release;
		};
		20FFD65719B80B8100C42B9A /* Build configuration list for PBXNativeTarget "ios8_dropbox" */ = {
			isa = XCConfigurationList;
			buildConfigurations = (
				20FFD65819B80B8100C42B9A /* Debug */,
				20FFD65919B80B8100C42B9A /* Release */,
			);
			defaultConfigurationIsVisible = 0;
			defaultConfigurationName = Release;
		};
		20FFD65A19B80B8100C42B9A /* Build configuration list for PBXNativeTarget "ios8_dropboxTests" */ = {
			isa = XCConfigurationList;
			buildConfigurations = (
				20FFD65B19B80B8100C42B9A /* Debug */,
				20FFD65C19B80B8100C42B9A /* Release */,
			);
			defaultConfigurationIsVisible = 0;
			defaultConfigurationName = Release;
		};
/* End XCConfigurationList section */
	};
	rootObject = 20FFD63319B80B8100C42B9A /* Project object */;
}
